
Microsoft Visual Studio Solution File, Format Version 12.00
# Visual Studio 15
Project("{FAE04EC0-301F-11D3-BF4B-00C04F79EFBC}") = "Sci-Fi Demo", "Sci-Fi Demo.csproj", "{4DA9E659-CCA6-B606-7814-E46D09511762}"
EndProject
Project("{FAE04EC0-301F-11D3-BF4B-00C04F79EFBC}") = "Sci-Fi Demo.Editor", "Sci-Fi Demo.Editor.csproj", "{A635BE03-2F99-0DBE-797B-CE63F8059BEF}"
EndProject
Global
	GlobalSection(SolutionConfigurationPlatforms) = preSolution
		Debug|Any CPU = Debug|Any CPU
		Release|Any CPU = Release|Any CPU
	EndGlobalSection
	GlobalSection(ProjectConfigurationPlatforms) = postSolution
		{4DA9E659-CCA6-B606-7814-E46D09511762}.Debug|Any CPU.ActiveCfg = Debug|Any CPU
		{4DA9E659-CCA6-B606-7814-E46D09511762}.Debug|Any CPU.Build.0 = Debug|Any CPU
		{4DA9E659-CCA6-B606-7814-E46D09511762}.Release|Any CPU.ActiveCfg = Release|Any CPU
		{4DA9E659-CCA6-B606-7814-E46D09511762}.Release|Any CPU.Build.0 = Release|Any CPU
		{A635BE03-2F99-0DBE-797B-CE63F8059BEF}.Debug|Any CPU.ActiveCfg = Debug|Any CPU
		{A635BE03-2F99-0DBE-797B-CE63F8059BEF}.Debug|Any CPU.Build.0 = Debug|Any CPU
		{A635BE03-2F99-0DBE-797B-CE63F8059BEF}.Release|Any CPU.ActiveCfg = Release|Any CPU
		{A635BE03-2F99-0DBE-797B-CE63F8059BEF}.Release|Any CPU.Build.0 = Release|Any CPU
	EndGlobalSection
	GlobalSection(SolutionProperties) = preSolution
		HideSolutionNode = FALSE
	EndGlobalSection
EndGlobal
